// !$*UTF8*$!
{
	archiveVersion = 1;
	classes = {
	};
	objectVersion = 46;
	objects = {

/* Begin PBXBuildFile section */
		614A56741A83B11400C3E9E8 /* TimeEntry.m in Sources */ = {isa = PBXBuildFile; fileRef = 614A56731A83B11400C3E9E8 /* TimeEntry.m */; };
		614A56781A83B50900C3E9E8 /* UITimeEnteryCell.m in Sources */ = {isa = PBXBuildFile; fileRef = 614A56771A83B50900C3E9E8 /* UITimeEnteryCell.m */; };
		614A567B1A83B52300C3E9E8 /* UIFullTimeCell.m in Sources */ = {isa = PBXBuildFile; fileRef = 614A567A1A83B52300C3E9E8 /* UIFullTimeCell.m */; };
		61950E5C1A824F5E0044D06D /* TimeEntries.m in Sources */ = {isa = PBXBuildFile; fileRef = 61950E5B1A824F5E0044D06D /* TimeEntries.m */; };
		61950E641A8367F60044D06D /* UITimeEntriesInfoVC.m in Sources */ = {isa = PBXBuildFile; fileRef = 61950E631A8367F60044D06D /* UITimeEntriesInfoVC.m */; };
		61C802741A801B5F00AAB29D /* main.m in Sources */ = {isa = PBXBuildFile; fileRef = 61C802731A801B5F00AAB29D /* main.m */; };
		61C802771A801B5F00AAB29D /* AppDelegate.m in Sources */ = {isa = PBXBuildFile; fileRef = 61C802761A801B5F00AAB29D /* AppDelegate.m */; };
		61C8027A1A801B5F00AAB29D /* RedmineClient.xcdatamodeld in Sources */ = {isa = PBXBuildFile; fileRef = 61C802781A801B5F00AAB29D /* RedmineClient.xcdatamodeld */; };
		61C8027D1A801B5F00AAB29D /* ViewController.m in Sources */ = {isa = PBXBuildFile; fileRef = 61C8027C1A801B5F00AAB29D /* ViewController.m */; };
		61C802801A801B5F00AAB29D /* Main.storyboard in Resources */ = {isa = PBXBuildFile; fileRef = 61C8027E1A801B5F00AAB29D /* Main.storyboard */; };
		61C802821A801B5F00AAB29D /* Images.xcassets in Resources */ = {isa = PBXBuildFile; fileRef = 61C802811A801B5F00AAB29D /* Images.xcassets */; };
		61C802851A801B5F00AAB29D /* LaunchScreen.xib in Resources */ = {isa = PBXBuildFile; fileRef = 61C802831A801B5F00AAB29D /* LaunchScreen.xib */; };
		61C802911A801B5F00AAB29D /* RedmineClientTests.m in Sources */ = {isa = PBXBuildFile; fileRef = 61C802901A801B5F00AAB29D /* RedmineClientTests.m */; };
		61C802A11A802B4600AAB29D /* ServerInfo.m in Sources */ = {isa = PBXBuildFile; fileRef = 61C802A01A802B4600AAB29D /* ServerInfo.m */; };
		61C802A41A802B5D00AAB29D /* ServersModel.m in Sources */ = {isa = PBXBuildFile; fileRef = 61C802A31A802B5D00AAB29D /* ServersModel.m */; };
		61C802AF1A802ED600AAB29D /* ErrorHandler.m in Sources */ = {isa = PBXBuildFile; fileRef = 61C802A61A802ED600AAB29D /* ErrorHandler.m */; };
		61C802B01A802ED600AAB29D /* NetworkingManager.m in Sources */ = {isa = PBXBuildFile; fileRef = 61C802A91A802ED600AAB29D /* NetworkingManager.m */; };
		61C802B71A814E3700AAB29D /* UILoginVC.m in Sources */ = {isa = PBXBuildFile; fileRef = 61C802B61A814E3700AAB29D /* UILoginVC.m */; };
		61C802BB1A81551B00AAB29D /* UIView+Roundify.m in Sources */ = {isa = PBXBuildFile; fileRef = 61C802BA1A81551B00AAB29D /* UIView+Roundify.m */; };
		61C802BD1A815FCC00AAB29D /* Localizable.strings in Resources */ = {isa = PBXBuildFile; fileRef = 61C802BC1A815FCC00AAB29D /* Localizable.strings */; };
		61C802C01A8168BC00AAB29D /* AppStorage.m in Sources */ = {isa = PBXBuildFile; fileRef = 61C802BF1A8168BC00AAB29D /* AppStorage.m */; };
		61C806A41A83E2BC00AAB29D /* ProjectModel.m in Sources */ = {isa = PBXBuildFile; fileRef = 61C806A31A83E2BC00AAB29D /* ProjectModel.m */; };
		61C806A71A83E2CD00AAB29D /* IssueModel.m in Sources */ = {isa = PBXBuildFile; fileRef = 61C806A61A83E2CD00AAB29D /* IssueModel.m */; };
		61C806AB1A83EA6A00AAB29D /* UISettingsVC.m in Sources */ = {isa = PBXBuildFile; fileRef = 61C806AA1A83EA6A00AAB29D /* UISettingsVC.m */; };
		61C806AE1A840C0100AAB29D /* ProjectsManager.m in Sources */ = {isa = PBXBuildFile; fileRef = 61C806AD1A840C0100AAB29D /* ProjectsManager.m */; };
		61C806B51A8419C700AAB29D /* UIProjectsListVC.m in Sources */ = {isa = PBXBuildFile; fileRef = 61C806B41A8419C700AAB29D /* UIProjectsListVC.m */; };
		61C806B81A841FD700AAB29D /* UIIssuesListVC.m in Sources */ = {isa = PBXBuildFile; fileRef = 61C806B71A841FD700AAB29D /* UIIssuesListVC.m */; };
		61C806BC1A86A82500AAB29D /* PushManager.m in Sources */ = {isa = PBXBuildFile; fileRef = 61C806BB1A86A82500AAB29D /* PushManager.m */; };
		61C806BF1A86A9D000AAB29D /* PushInfo.m in Sources */ = {isa = PBXBuildFile; fileRef = 61C806BE1A86A9D000AAB29D /* PushInfo.m */; };
		61C806C51A87BEC400AAB29D /* TrackerModel.m in Sources */ = {isa = PBXBuildFile; fileRef = 61C806C41A87BEC400AAB29D /* TrackerModel.m */; };
		61C806C81A87BED900AAB29D /* StatusModel.m in Sources */ = {isa = PBXBuildFile; fileRef = 61C806C71A87BED900AAB29D /* StatusModel.m */; };
		61C806CB1A87BEEC00AAB29D /* PriorityModel.m in Sources */ = {isa = PBXBuildFile; fileRef = 61C806CA1A87BEEC00AAB29D /* PriorityModel.m */; };
		61C806CE1A87BF0200AAB29D /* UserModel.m in Sources */ = {isa = PBXBuildFile; fileRef = 61C806CD1A87BF0200AAB29D /* UserModel.m */; };
		61C806D11A87D53200AAB29D /* TimeEntriesAtDate.m in Sources */ = {isa = PBXBuildFile; fileRef = 61C806D01A87D53200AAB29D /* TimeEntriesAtDate.m */; };
		A58F309CAE9A323B25026335 /* libPods.a in Frameworks */ = {isa = PBXBuildFile; fileRef = C1B65950B408879EA6434C64 /* libPods.a */; };
/* End PBXBuildFile section */

/* Begin PBXContainerItemProxy section */
		61C8028B1A801B5F00AAB29D /* PBXContainerItemProxy */ = {
			isa = PBXContainerItemProxy;
			containerPortal = 61C802661A801B5F00AAB29D /* Project object */;
			proxyType = 1;
			remoteGlobalIDString = 61C8026D1A801B5F00AAB29D;
			remoteInfo = RedmineClient;
		};
/* End PBXContainerItemProxy section */

/* Begin PBXFileReference section */
		614A56721A83B11400C3E9E8 /* TimeEntry.h */ = {isa = PBXFileReference; fileEncoding = 4; lastKnownFileType = sourcecode.c.h; path = TimeEntry.h; sourceTree = "<group>"; };
		614A56731A83B11400C3E9E8 /* TimeEntry.m */ = {isa = PBXFileReference; fileEncoding = 4; lastKnownFileType = sourcecode.c.objc; path = TimeEntry.m; sourceTree = "<group>"; };
		614A56761A83B50900C3E9E8 /* UITimeEnteryCell.h */ = {isa = PBXFileReference; fileEncoding = 4; lastKnownFileType = sourcecode.c.h; path = UITimeEnteryCell.h; sourceTree = "<group>"; };
		614A56771A83B50900C3E9E8 /* UITimeEnteryCell.m */ = {isa = PBXFileReference; fileEncoding = 4; lastKnownFileType = sourcecode.c.objc; path = UITimeEnteryCell.m; sourceTree = "<group>"; };
		614A56791A83B52300C3E9E8 /* UIFullTimeCell.h */ = {isa = PBXFileReference; fileEncoding = 4; lastKnownFileType = sourcecode.c.h; path = UIFullTimeCell.h; sourceTree = "<group>"; };
		614A567A1A83B52300C3E9E8 /* UIFullTimeCell.m */ = {isa = PBXFileReference; fileEncoding = 4; lastKnownFileType = sourcecode.c.objc; path = UIFullTimeCell.m; sourceTree = "<group>"; };
		61950E5A1A824F5E0044D06D /* TimeEntries.h */ = {isa = PBXFileReference; fileEncoding = 4; lastKnownFileType = sourcecode.c.h; path = TimeEntries.h; sourceTree = "<group>"; };
		61950E5B1A824F5E0044D06D /* TimeEntries.m */ = {isa = PBXFileReference; fileEncoding = 4; lastKnownFileType = sourcecode.c.objc; path = TimeEntries.m; sourceTree = "<group>"; };
		61950E621A8367F60044D06D /* UITimeEntriesInfoVC.h */ = {isa = PBXFileReference; fileEncoding = 4; lastKnownFileType = sourcecode.c.h; path = UITimeEntriesInfoVC.h; sourceTree = "<group>"; };
		61950E631A8367F60044D06D /* UITimeEntriesInfoVC.m */ = {isa = PBXFileReference; fileEncoding = 4; lastKnownFileType = sourcecode.c.objc; path = UITimeEntriesInfoVC.m; sourceTree = "<group>"; };
		61C8026E1A801B5F00AAB29D /* RedmineClient.app */ = {isa = PBXFileReference; explicitFileType = wrapper.application; includeInIndex = 0; path = RedmineClient.app; sourceTree = BUILT_PRODUCTS_DIR; };
		61C802721A801B5F00AAB29D /* Info.plist */ = {isa = PBXFileReference; lastKnownFileType = text.plist.xml; path = Info.plist; sourceTree = "<group>"; };
		61C802731A801B5F00AAB29D /* main.m */ = {isa = PBXFileReference; lastKnownFileType = sourcecode.c.objc; path = main.m; sourceTree = "<group>"; };
		61C802751A801B5F00AAB29D /* AppDelegate.h */ = {isa = PBXFileReference; lastKnownFileType = sourcecode.c.h; path = AppDelegate.h; sourceTree = "<group>"; };
		61C802761A801B5F00AAB29D /* AppDelegate.m */ = {isa = PBXFileReference; lastKnownFileType = sourcecode.c.objc; path = AppDelegate.m; sourceTree = "<group>"; };
		61C802791A801B5F00AAB29D /* RedmineClient.xcdatamodel */ = {isa = PBXFileReference; lastKnownFileType = wrapper.xcdatamodel; path = RedmineClient.xcdatamodel; sourceTree = "<group>"; };
		61C8027B1A801B5F00AAB29D /* ViewController.h */ = {isa = PBXFileReference; lastKnownFileType = sourcecode.c.h; path = ViewController.h; sourceTree = "<group>"; };
		61C8027C1A801B5F00AAB29D /* ViewController.m */ = {isa = PBXFileReference; lastKnownFileType = sourcecode.c.objc; path = ViewController.m; sourceTree = "<group>"; };
		61C8027F1A801B5F00AAB29D /* Base */ = {isa = PBXFileReference; lastKnownFileType = file.storyboard; name = Base; path = Base.lproj/Main.storyboard; sourceTree = "<group>"; };
		61C802811A801B5F00AAB29D /* Images.xcassets */ = {isa = PBXFileReference; lastKnownFileType = folder.assetcatalog; path = Images.xcassets; sourceTree = "<group>"; };
		61C802841A801B5F00AAB29D /* Base */ = {isa = PBXFileReference; lastKnownFileType = file.xib; name = Base; path = Base.lproj/LaunchScreen.xib; sourceTree = "<group>"; };
		61C8028A1A801B5F00AAB29D /* RedmineClientTests.xctest */ = {isa = PBXFileReference; explicitFileType = wrapper.cfbundle; includeInIndex = 0; path = RedmineClientTests.xctest; sourceTree = BUILT_PRODUCTS_DIR; };
		61C8028F1A801B5F00AAB29D /* Info.plist */ = {isa = PBXFileReference; lastKnownFileType = text.plist.xml; path = Info.plist; sourceTree = "<group>"; };
		61C802901A801B5F00AAB29D /* RedmineClientTests.m */ = {isa = PBXFileReference; lastKnownFileType = sourcecode.c.objc; path = RedmineClientTests.m; sourceTree = "<group>"; };
		61C8029F1A802B4600AAB29D /* ServerInfo.h */ = {isa = PBXFileReference; fileEncoding = 4; lastKnownFileType = sourcecode.c.h; path = ServerInfo.h; sourceTree = "<group>"; };
		61C802A01A802B4600AAB29D /* ServerInfo.m */ = {isa = PBXFileReference; fileEncoding = 4; lastKnownFileType = sourcecode.c.objc; path = ServerInfo.m; sourceTree = "<group>"; };
		61C802A21A802B5D00AAB29D /* ServersModel.h */ = {isa = PBXFileReference; fileEncoding = 4; lastKnownFileType = sourcecode.c.h; path = ServersModel.h; sourceTree = "<group>"; };
		61C802A31A802B5D00AAB29D /* ServersModel.m */ = {isa = PBXFileReference; fileEncoding = 4; lastKnownFileType = sourcecode.c.objc; path = ServersModel.m; sourceTree = "<group>"; };
		61C802A51A802ED600AAB29D /* ErrorHandler.h */ = {isa = PBXFileReference; fileEncoding = 4; lastKnownFileType = sourcecode.c.h; path = ErrorHandler.h; sourceTree = "<group>"; };
		61C802A61A802ED600AAB29D /* ErrorHandler.m */ = {isa = PBXFileReference; fileEncoding = 4; lastKnownFileType = sourcecode.c.objc; path = ErrorHandler.m; sourceTree = "<group>"; };
		61C802A81A802ED600AAB29D /* NetworkingManager.h */ = {isa = PBXFileReference; fileEncoding = 4; lastKnownFileType = sourcecode.c.h; path = NetworkingManager.h; sourceTree = "<group>"; };
		61C802A91A802ED600AAB29D /* NetworkingManager.m */ = {isa = PBXFileReference; fileEncoding = 4; lastKnownFileType = sourcecode.c.objc; path = NetworkingManager.m; sourceTree = "<group>"; };
		61C802B31A80309800AAB29D /* Constants.h */ = {isa = PBXFileReference; lastKnownFileType = sourcecode.c.h; path = Constants.h; sourceTree = "<group>"; };
		61C802B51A814E3700AAB29D /* UILoginVC.h */ = {isa = PBXFileReference; fileEncoding = 4; lastKnownFileType = sourcecode.c.h; path = UILoginVC.h; sourceTree = "<group>"; };
		61C802B61A814E3700AAB29D /* UILoginVC.m */ = {isa = PBXFileReference; fileEncoding = 4; lastKnownFileType = sourcecode.c.objc; path = UILoginVC.m; sourceTree = "<group>"; };
		61C802B91A81551B00AAB29D /* UIView+Roundify.h */ = {isa = PBXFileReference; fileEncoding = 4; lastKnownFileType = sourcecode.c.h; path = "UIView+Roundify.h"; sourceTree = "<group>"; };
		61C802BA1A81551B00AAB29D /* UIView+Roundify.m */ = {isa = PBXFileReference; fileEncoding = 4; lastKnownFileType = sourcecode.c.objc; path = "UIView+Roundify.m"; sourceTree = "<group>"; };
		61C802BC1A815FCC00AAB29D /* Localizable.strings */ = {isa = PBXFileReference; fileEncoding = 4; lastKnownFileType = text.plist.strings; path = Localizable.strings; sourceTree = "<group>"; };
		61C802BE1A8168BC00AAB29D /* AppStorage.h */ = {isa = PBXFileReference; fileEncoding = 4; lastKnownFileType = sourcecode.c.h; path = AppStorage.h; sourceTree = "<group>"; };
		61C802BF1A8168BC00AAB29D /* AppStorage.m */ = {isa = PBXFileReference; fileEncoding = 4; lastKnownFileType = sourcecode.c.objc; path = AppStorage.m; sourceTree = "<group>"; };
		61C806A21A83E2BC00AAB29D /* ProjectModel.h */ = {isa = PBXFileReference; fileEncoding = 4; lastKnownFileType = sourcecode.c.h; path = ProjectModel.h; sourceTree = "<group>"; };
		61C806A31A83E2BC00AAB29D /* ProjectModel.m */ = {isa = PBXFileReference; fileEncoding = 4; lastKnownFileType = sourcecode.c.objc; path = ProjectModel.m; sourceTree = "<group>"; };
		61C806A51A83E2CD00AAB29D /* IssueModel.h */ = {isa = PBXFileReference; fileEncoding = 4; lastKnownFileType = sourcecode.c.h; path = IssueModel.h; sourceTree = "<group>"; };
		61C806A61A83E2CD00AAB29D /* IssueModel.m */ = {isa = PBXFileReference; fileEncoding = 4; lastKnownFileType = sourcecode.c.objc; path = IssueModel.m; sourceTree = "<group>"; };
		61C806A91A83EA6A00AAB29D /* UISettingsVC.h */ = {isa = PBXFileReference; fileEncoding = 4; lastKnownFileType = sourcecode.c.h; path = UISettingsVC.h; sourceTree = "<group>"; };
		61C806AA1A83EA6A00AAB29D /* UISettingsVC.m */ = {isa = PBXFileReference; fileEncoding = 4; lastKnownFileType = sourcecode.c.objc; path = UISettingsVC.m; sourceTree = "<group>"; };
		61C806AC1A840C0100AAB29D /* ProjectsManager.h */ = {isa = PBXFileReference; fileEncoding = 4; lastKnownFileType = sourcecode.c.h; path = ProjectsManager.h; sourceTree = "<group>"; };
		61C806AD1A840C0100AAB29D /* ProjectsManager.m */ = {isa = PBXFileReference; fileEncoding = 4; lastKnownFileType = sourcecode.c.objc; path = ProjectsManager.m; sourceTree = "<group>"; };
		61C806B31A8419C700AAB29D /* UIProjectsListVC.h */ = {isa = PBXFileReference; fileEncoding = 4; lastKnownFileType = sourcecode.c.h; path = UIProjectsListVC.h; sourceTree = "<group>"; };
		61C806B41A8419C700AAB29D /* UIProjectsListVC.m */ = {isa = PBXFileReference; fileEncoding = 4; lastKnownFileType = sourcecode.c.objc; path = UIProjectsListVC.m; sourceTree = "<group>"; };
		61C806B61A841FD700AAB29D /* UIIssuesListVC.h */ = {isa = PBXFileReference; fileEncoding = 4; lastKnownFileType = sourcecode.c.h; path = UIIssuesListVC.h; sourceTree = "<group>"; };
		61C806B71A841FD700AAB29D /* UIIssuesListVC.m */ = {isa = PBXFileReference; fileEncoding = 4; lastKnownFileType = sourcecode.c.objc; path = UIIssuesListVC.m; sourceTree = "<group>"; };
		61C806BA1A86A82500AAB29D /* PushManager.h */ = {isa = PBXFileReference; fileEncoding = 4; lastKnownFileType = sourcecode.c.h; path = PushManager.h; sourceTree = "<group>"; };
		61C806BB1A86A82500AAB29D /* PushManager.m */ = {isa = PBXFileReference; fileEncoding = 4; lastKnownFileType = sourcecode.c.objc; path = PushManager.m; sourceTree = "<group>"; };
		61C806BD1A86A9D000AAB29D /* PushInfo.h */ = {isa = PBXFileReference; fileEncoding = 4; lastKnownFileType = sourcecode.c.h; path = PushInfo.h; sourceTree = "<group>"; };
		61C806BE1A86A9D000AAB29D /* PushInfo.m */ = {isa = PBXFileReference; fileEncoding = 4; lastKnownFileType = sourcecode.c.objc; path = PushInfo.m; sourceTree = "<group>"; };
		61C806C31A87BEC400AAB29D /* TrackerModel.h */ = {isa = PBXFileReference; fileEncoding = 4; lastKnownFileType = sourcecode.c.h; path = TrackerModel.h; sourceTree = "<group>"; };
		61C806C41A87BEC400AAB29D /* TrackerModel.m */ = {isa = PBXFileReference; fileEncoding = 4; lastKnownFileType = sourcecode.c.objc; path = TrackerModel.m; sourceTree = "<group>"; };
		61C806C61A87BED900AAB29D /* StatusModel.h */ = {isa = PBXFileReference; fileEncoding = 4; lastKnownFileType = sourcecode.c.h; path = StatusModel.h; sourceTree = "<group>"; };
		61C806C71A87BED900AAB29D /* StatusModel.m */ = {isa = PBXFileReference; fileEncoding = 4; lastKnownFileType = sourcecode.c.objc; path = StatusModel.m; sourceTree = "<group>"; };
		61C806C91A87BEEC00AAB29D /* PriorityModel.h */ = {isa = PBXFileReference; fileEncoding = 4; lastKnownFileType = sourcecode.c.h; path = PriorityModel.h; sourceTree = "<group>"; };
		61C806CA1A87BEEC00AAB29D /* PriorityModel.m */ = {isa = PBXFileReference; fileEncoding = 4; lastKnownFileType = sourcecode.c.objc; path = PriorityModel.m; sourceTree = "<group>"; };
		61C806CC1A87BF0200AAB29D /* UserModel.h */ = {isa = PBXFileReference; fileEncoding = 4; lastKnownFileType = sourcecode.c.h; path = UserModel.h; sourceTree = "<group>"; };
		61C806CD1A87BF0200AAB29D /* UserModel.m */ = {isa = PBXFileReference; fileEncoding = 4; lastKnownFileType = sourcecode.c.objc; path = UserModel.m; sourceTree = "<group>"; };
		61C806CF1A87D53200AAB29D /* TimeEntriesAtDate.h */ = {isa = PBXFileReference; fileEncoding = 4; lastKnownFileType = sourcecode.c.h; path = TimeEntriesAtDate.h; sourceTree = "<group>"; };
		61C806D01A87D53200AAB29D /* TimeEntriesAtDate.m */ = {isa = PBXFileReference; fileEncoding = 4; lastKnownFileType = sourcecode.c.objc; path = TimeEntriesAtDate.m; sourceTree = "<group>"; };
		8B755BC75D43BE5C3E060E06 /* Pods.debug.xcconfig */ = {isa = PBXFileReference; includeInIndex = 1; lastKnownFileType = text.xcconfig; name = Pods.debug.xcconfig; path = "Pods/Target Support Files/Pods/Pods.debug.xcconfig"; sourceTree = "<group>"; };
		946748745295FD55F0588F68 /* Pods.release.xcconfig */ = {isa = PBXFileReference; includeInIndex = 1; lastKnownFileType = text.xcconfig; name = Pods.release.xcconfig; path = "Pods/Target Support Files/Pods/Pods.release.xcconfig"; sourceTree = "<group>"; };
		C1B65950B408879EA6434C64 /* libPods.a */ = {isa = PBXFileReference; explicitFileType = archive.ar; includeInIndex = 0; path = libPods.a; sourceTree = BUILT_PRODUCTS_DIR; };
/* End PBXFileReference section */

/* Begin PBXFrameworksBuildPhase section */
		61C8026B1A801B5F00AAB29D /* Frameworks */ = {
			isa = PBXFrameworksBuildPhase;
			buildActionMask = 2147483647;
			files = (
				A58F309CAE9A323B25026335 /* libPods.a in Frameworks */,
			);
			runOnlyForDeploymentPostprocessing = 0;
		};
		61C802871A801B5F00AAB29D /* Frameworks */ = {
			isa = PBXFrameworksBuildPhase;
			buildActionMask = 2147483647;
			files = (
			);
			runOnlyForDeploymentPostprocessing = 0;
		};
/* End PBXFrameworksBuildPhase section */

/* Begin PBXGroup section */
		5298B42C41099224BB3E896D /* Frameworks */ = {
			isa = PBXGroup;
			children = (
				C1B65950B408879EA6434C64 /* libPods.a */,
			);
			name = Frameworks;
			sourceTree = "<group>";
		};
		614A56751A83B4EB00C3E9E8 /* Views */ = {
			isa = PBXGroup;
			children = (
				614A56761A83B50900C3E9E8 /* UITimeEnteryCell.h */,
				614A56771A83B50900C3E9E8 /* UITimeEnteryCell.m */,
				614A56791A83B52300C3E9E8 /* UIFullTimeCell.h */,
				614A567A1A83B52300C3E9E8 /* UIFullTimeCell.m */,
				61C806CF1A87D53200AAB29D /* TimeEntriesAtDate.h */,
				61C806D01A87D53200AAB29D /* TimeEntriesAtDate.m */,
			);
			path = Views;
			sourceTree = "<group>";
		};
		61950E591A824F520044D06D /* TimeEntries */ = {
			isa = PBXGroup;
			children = (
				61950E5A1A824F5E0044D06D /* TimeEntries.h */,
				61950E5B1A824F5E0044D06D /* TimeEntries.m */,
				614A56721A83B11400C3E9E8 /* TimeEntry.h */,
				614A56731A83B11400C3E9E8 /* TimeEntry.m */,
			);
			path = TimeEntries;
			sourceTree = "<group>";
		};
		61950E5D1A8367690044D06D /* Time */ = {
			isa = PBXGroup;
			children = (
				614A56751A83B4EB00C3E9E8 /* Views */,
				61950E621A8367F60044D06D /* UITimeEntriesInfoVC.h */,
				61950E631A8367F60044D06D /* UITimeEntriesInfoVC.m */,
			);
			path = Time;
			sourceTree = "<group>";
		};
		61C802651A801B5F00AAB29D = {
			isa = PBXGroup;
			children = (
				61C802701A801B5F00AAB29D /* RedmineClient */,
				61C8028D1A801B5F00AAB29D /* RedmineClientTests */,
				61C8026F1A801B5F00AAB29D /* Products */,
				FFFD911E12F6EDA85F0BA2B0 /* Pods */,
				5298B42C41099224BB3E896D /* Frameworks */,
			);
			sourceTree = "<group>";
		};
		61C8026F1A801B5F00AAB29D /* Products */ = {
			isa = PBXGroup;
			children = (
				61C8026E1A801B5F00AAB29D /* RedmineClient.app */,
				61C8028A1A801B5F00AAB29D /* RedmineClientTests.xctest */,
			);
			name = Products;
			sourceTree = "<group>";
		};
		61C802701A801B5F00AAB29D /* RedmineClient */ = {
			isa = PBXGroup;
			children = (
				61C802B81A81551B00AAB29D /* 3rd */,
				61C8029A1A80279900AAB29D /* Model */,
				61C8029B1A80279900AAB29D /* ViewControllers */,
				61C802751A801B5F00AAB29D /* AppDelegate.h */,
				61C802761A801B5F00AAB29D /* AppDelegate.m */,
				61C8027B1A801B5F00AAB29D /* ViewController.h */,
				61C8027C1A801B5F00AAB29D /* ViewController.m */,
				61C8027E1A801B5F00AAB29D /* Main.storyboard */,
				61C802811A801B5F00AAB29D /* Images.xcassets */,
				61C802831A801B5F00AAB29D /* LaunchScreen.xib */,
				61C802781A801B5F00AAB29D /* RedmineClient.xcdatamodeld */,
				61C802711A801B5F00AAB29D /* Supporting Files */,
				61C802BC1A815FCC00AAB29D /* Localizable.strings */,
			);
			path = RedmineClient;
			sourceTree = "<group>";
		};
		61C802711A801B5F00AAB29D /* Supporting Files */ = {
			isa = PBXGroup;
			children = (
				61C802721A801B5F00AAB29D /* Info.plist */,
				61C802731A801B5F00AAB29D /* main.m */,
			);
			name = "Supporting Files";
			sourceTree = "<group>";
		};
		61C8028D1A801B5F00AAB29D /* RedmineClientTests */ = {
			isa = PBXGroup;
			children = (
				61C802901A801B5F00AAB29D /* RedmineClientTests.m */,
				61C8028E1A801B5F00AAB29D /* Supporting Files */,
			);
			path = RedmineClientTests;
			sourceTree = "<group>";
		};
		61C8028E1A801B5F00AAB29D /* Supporting Files */ = {
			isa = PBXGroup;
			children = (
				61C8028F1A801B5F00AAB29D /* Info.plist */,
			);
			name = "Supporting Files";
			sourceTree = "<group>";
		};
		61C8029A1A80279900AAB29D /* Model */ = {
			isa = PBXGroup;
			children = (
				61C806B91A86A80900AAB29D /* PushManager */,
				61C806A11A83E2A200AAB29D /* Issues */,
				61950E591A824F520044D06D /* TimeEntries */,
				61C802B31A80309800AAB29D /* Constants.h */,
				61C802A51A802ED600AAB29D /* ErrorHandler.h */,
				61C802A61A802ED600AAB29D /* ErrorHandler.m */,
				61C802A71A802ED600AAB29D /* NetworkingManager */,
				61C8029E1A802B1800AAB29D /* ServerInfo */,
				61C8029D1A8029E400AAB29D /* AppDataStorage */,
			);
			path = Model;
			sourceTree = "<group>";
		};
		61C8029B1A80279900AAB29D /* ViewControllers */ = {
			isa = PBXGroup;
			children = (
				61C806AF1A8418CB00AAB29D /* Issues */,
				61C806A81A83EA5800AAB29D /* Settings */,
				61950E5D1A8367690044D06D /* Time */,
				61C802B41A814E1F00AAB29D /* Login */,
			);
			path = ViewControllers;
			sourceTree = "<group>";
		};
		61C8029D1A8029E400AAB29D /* AppDataStorage */ = {
			isa = PBXGroup;
			children = (
				61C802BE1A8168BC00AAB29D /* AppStorage.h */,
				61C802BF1A8168BC00AAB29D /* AppStorage.m */,
			);
			path = AppDataStorage;
			sourceTree = "<group>";
		};
		61C8029E1A802B1800AAB29D /* ServerInfo */ = {
			isa = PBXGroup;
			children = (
				61C8029F1A802B4600AAB29D /* ServerInfo.h */,
				61C802A01A802B4600AAB29D /* ServerInfo.m */,
				61C802A21A802B5D00AAB29D /* ServersModel.h */,
				61C802A31A802B5D00AAB29D /* ServersModel.m */,
			);
			path = ServerInfo;
			sourceTree = "<group>";
		};
		61C802A71A802ED600AAB29D /* NetworkingManager */ = {
			isa = PBXGroup;
			children = (
				61C802A81A802ED600AAB29D /* NetworkingManager.h */,
				61C802A91A802ED600AAB29D /* NetworkingManager.m */,
			);
			path = NetworkingManager;
			sourceTree = "<group>";
		};
		61C802B41A814E1F00AAB29D /* Login */ = {
			isa = PBXGroup;
			children = (
				61C802B51A814E3700AAB29D /* UILoginVC.h */,
				61C802B61A814E3700AAB29D /* UILoginVC.m */,
			);
			path = Login;
			sourceTree = "<group>";
		};
		61C802B81A81551B00AAB29D /* 3rd */ = {
			isa = PBXGroup;
			children = (
				61C802B91A81551B00AAB29D /* UIView+Roundify.h */,
				61C802BA1A81551B00AAB29D /* UIView+Roundify.m */,
			);
			path = 3rd;
			sourceTree = "<group>";
		};
		61C806A11A83E2A200AAB29D /* Issues */ = {
			isa = PBXGroup;
			children = (
				61C806A21A83E2BC00AAB29D /* ProjectModel.h */,
				61C806A31A83E2BC00AAB29D /* ProjectModel.m */,
				61C806A51A83E2CD00AAB29D /* IssueModel.h */,
				61C806A61A83E2CD00AAB29D /* IssueModel.m */,
				61C806AC1A840C0100AAB29D /* ProjectsManager.h */,
				61C806AD1A840C0100AAB29D /* ProjectsManager.m */,
				61C806C31A87BEC400AAB29D /* TrackerModel.h */,
				61C806C41A87BEC400AAB29D /* TrackerModel.m */,
				61C806C61A87BED900AAB29D /* StatusModel.h */,
				61C806C71A87BED900AAB29D /* StatusModel.m */,
				61C806C91A87BEEC00AAB29D /* PriorityModel.h */,
				61C806CA1A87BEEC00AAB29D /* PriorityModel.m */,
				61C806CC1A87BF0200AAB29D /* UserModel.h */,
				61C806CD1A87BF0200AAB29D /* UserModel.m */,
			);
			path = Issues;
			sourceTree = "<group>";
		};
		61C806A81A83EA5800AAB29D /* Settings */ = {
			isa = PBXGroup;
			children = (
				61C806A91A83EA6A00AAB29D /* UISettingsVC.h */,
				61C806AA1A83EA6A00AAB29D /* UISettingsVC.m */,
			);
			path = Settings;
			sourceTree = "<group>";
		};
		61C806AF1A8418CB00AAB29D /* Issues */ = {
			isa = PBXGroup;
			children = (
				61C806B31A8419C700AAB29D /* UIProjectsListVC.h */,
				61C806B41A8419C700AAB29D /* UIProjectsListVC.m */,
				61C806B61A841FD700AAB29D /* UIIssuesListVC.h */,
				61C806B71A841FD700AAB29D /* UIIssuesListVC.m */,
			);
			path = Issues;
			sourceTree = "<group>";
		};
		61C806B91A86A80900AAB29D /* PushManager */ = {
			isa = PBXGroup;
			children = (
				61C806BA1A86A82500AAB29D /* PushManager.h */,
				61C806BB1A86A82500AAB29D /* PushManager.m */,
				61C806BD1A86A9D000AAB29D /* PushInfo.h */,
				61C806BE1A86A9D000AAB29D /* PushInfo.m */,
			);
			name = PushManager;
			path = RedmineClient/ViewControllers/PushManager;
			sourceTree = SOURCE_ROOT;
		};
		FFFD911E12F6EDA85F0BA2B0 /* Pods */ = {
			isa = PBXGroup;
			children = (
				8B755BC75D43BE5C3E060E06 /* Pods.debug.xcconfig */,
				946748745295FD55F0588F68 /* Pods.release.xcconfig */,
			);
			name = Pods;
			sourceTree = "<group>";
		};
/* End PBXGroup section */

/* Begin PBXNativeTarget section */
		61C8026D1A801B5F00AAB29D /* RedmineClient */ = {
			isa = PBXNativeTarget;
			buildConfigurationList = 61C802941A801B5F00AAB29D /* Build configuration list for PBXNativeTarget "RedmineClient" */;
			buildPhases = (
				9DAB1EE0B24264363EDA505D /* Check Pods Manifest.lock */,
				61C8026A1A801B5F00AAB29D /* Sources */,
				61C8026B1A801B5F00AAB29D /* Frameworks */,
				61C8026C1A801B5F00AAB29D /* Resources */,
				04AA769AB62193E65C96ED2B /* Copy Pods Resources */,
			);
			buildRules = (
			);
			dependencies = (
			);
			name = RedmineClient;
			productName = RedmineClient;
			productReference = 61C8026E1A801B5F00AAB29D /* RedmineClient.app */;
			productType = "com.apple.product-type.application";
		};
		61C802891A801B5F00AAB29D /* RedmineClientTests */ = {
			isa = PBXNativeTarget;
			buildConfigurationList = 61C802971A801B5F00AAB29D /* Build configuration list for PBXNativeTarget "RedmineClientTests" */;
			buildPhases = (
				61C802861A801B5F00AAB29D /* Sources */,
				61C802871A801B5F00AAB29D /* Frameworks */,
				61C802881A801B5F00AAB29D /* Resources */,
			);
			buildRules = (
			);
			dependencies = (
				61C8028C1A801B5F00AAB29D /* PBXTargetDependency */,
			);
			name = RedmineClientTests;
			productName = RedmineClientTests;
			productReference = 61C8028A1A801B5F00AAB29D /* RedmineClientTests.xctest */;
			productType = "com.apple.product-type.bundle.unit-test";
		};
/* End PBXNativeTarget section */

/* Begin PBXProject section */
		61C802661A801B5F00AAB29D /* Project object */ = {
			isa = PBXProject;
			attributes = {
				LastUpgradeCheck = 0610;
				ORGANIZATIONNAME = "Globus Inc.";
				TargetAttributes = {
					61C8026D1A801B5F00AAB29D = {
						CreatedOnToolsVersion = 6.1.1;
						DevelopmentTeam = 3BYG9JP48H;
					};
					61C802891A801B5F00AAB29D = {
						CreatedOnToolsVersion = 6.1.1;
						TestTargetID = 61C8026D1A801B5F00AAB29D;
					};
				};
			};
			buildConfigurationList = 61C802691A801B5F00AAB29D /* Build configuration list for PBXProject "RedmineClient" */;
			compatibilityVersion = "Xcode 3.2";
			developmentRegion = English;
			hasScannedForEncodings = 0;
			knownRegions = (
				en,
				Base,
			);
			mainGroup = 61C802651A801B5F00AAB29D;
			productRefGroup = 61C8026F1A801B5F00AAB29D /* Products */;
			projectDirPath = "";
			projectRoot = "";
			targets = (
				61C8026D1A801B5F00AAB29D /* RedmineClient */,
				61C802891A801B5F00AAB29D /* RedmineClientTests */,
			);
		};
/* End PBXProject section */

/* Begin PBXResourcesBuildPhase section */
		61C8026C1A801B5F00AAB29D /* Resources */ = {
			isa = PBXResourcesBuildPhase;
			buildActionMask = 2147483647;
			files = (
				61C802801A801B5F00AAB29D /* Main.storyboard in Resources */,
				61C802851A801B5F00AAB29D /* LaunchScreen.xib in Resources */,
				61C802BD1A815FCC00AAB29D /* Localizable.strings in Resources */,
				61C802821A801B5F00AAB29D /* Images.xcassets in Resources */,
			);
			runOnlyForDeploymentPostprocessing = 0;
		};
		61C802881A801B5F00AAB29D /* Resources */ = {
			isa = PBXResourcesBuildPhase;
			buildActionMask = 2147483647;
			files = (
			);
			runOnlyForDeploymentPostprocessing = 0;
		};
/* End PBXResourcesBuildPhase section */

/* Begin PBXShellScriptBuildPhase section */
		04AA769AB62193E65C96ED2B /* Copy Pods Resources */ = {
			isa = PBXShellScriptBuildPhase;
			buildActionMask = 2147483647;
			files = (
			);
			inputPaths = (
			);
			name = "Copy Pods Resources";
			outputPaths = (
			);
			runOnlyForDeploymentPostprocessing = 0;
			shellPath = /bin/sh;
			shellScript = "\"${SRCROOT}/Pods/Target Support Files/Pods/Pods-resources.sh\"\n";
			showEnvVarsInLog = 0;
		};
		9DAB1EE0B24264363EDA505D /* Check Pods Manifest.lock */ = {
			isa = PBXShellScriptBuildPhase;
			buildActionMask = 2147483647;
			files = (
			);
			inputPaths = (
			);
			name = "Check Pods Manifest.lock";
			outputPaths = (
			);
			runOnlyForDeploymentPostprocessing = 0;
			shellPath = /bin/sh;
			shellScript = "diff \"${PODS_ROOT}/../Podfile.lock\" \"${PODS_ROOT}/Manifest.lock\" > /dev/null\nif [[ $? != 0 ]] ; then\n    cat << EOM\nerror: The sandbox is not in sync with the Podfile.lock. Run 'pod install' or update your CocoaPods installation.\nEOM\n    exit 1\nfi\n";
			showEnvVarsInLog = 0;
		};
/* End PBXShellScriptBuildPhase section */

/* Begin PBXSourcesBuildPhase section */
		61C8026A1A801B5F00AAB29D /* Sources */ = {
			isa = PBXSourcesBuildPhase;
			buildActionMask = 2147483647;
			files = (
				61C806B51A8419C700AAB29D /* UIProjectsListVC.m in Sources */,
				61C802BB1A81551B00AAB29D /* UIView+Roundify.m in Sources */,
				61C806B81A841FD700AAB29D /* UIIssuesListVC.m in Sources */,
				61C806AB1A83EA6A00AAB29D /* UISettingsVC.m in Sources */,
				61C802AF1A802ED600AAB29D /* ErrorHandler.m in Sources */,
				61C806CB1A87BEEC00AAB29D /* PriorityModel.m in Sources */,
				61C802B01A802ED600AAB29D /* NetworkingManager.m in Sources */,
				61C802771A801B5F00AAB29D /* AppDelegate.m in Sources */,
				61C806C81A87BED900AAB29D /* StatusModel.m in Sources */,
				61C8027A1A801B5F00AAB29D /* RedmineClient.xcdatamodeld in Sources */,
				61C8027D1A801B5F00AAB29D /* ViewController.m in Sources */,
				61C806BF1A86A9D000AAB29D /* PushInfo.m in Sources */,
				61950E641A8367F60044D06D /* UITimeEntriesInfoVC.m in Sources */,
				61C806A71A83E2CD00AAB29D /* IssueModel.m in Sources */,
				61C806CE1A87BF0200AAB29D /* UserModel.m in Sources */,
				61C802A11A802B4600AAB29D /* ServerInfo.m in Sources */,
				61C806BC1A86A82500AAB29D /* PushManager.m in Sources */,
				614A56781A83B50900C3E9E8 /* UITimeEnteryCell.m in Sources */,
				61C802A41A802B5D00AAB29D /* ServersModel.m in Sources */,
				614A56741A83B11400C3E9E8 /* TimeEntry.m in Sources */,
				614A567B1A83B52300C3E9E8 /* UIFullTimeCell.m in Sources */,
				61C806D11A87D53200AAB29D /* TimeEntriesAtDate.m in Sources */,
				61C802B71A814E3700AAB29D /* UILoginVC.m in Sources */,
				61950E5C1A824F5E0044D06D /* TimeEntries.m in Sources */,
				61C802741A801B5F00AAB29D /* main.m in Sources */,
				61C806C51A87BEC400AAB29D /* TrackerModel.m in Sources */,
				61C806AE1A840C0100AAB29D /* ProjectsManager.m in Sources */,
				61C806A41A83E2BC00AAB29D /* ProjectModel.m in Sources */,
				61C802C01A8168BC00AAB29D /* AppStorage.m in Sources */,
			);
			runOnlyForDeploymentPostprocessing = 0;
		};
		61C802861A801B5F00AAB29D /* Sources */ = {
			isa = PBXSourcesBuildPhase;
			buildActionMask = 2147483647;
			files = (
				61C802911A801B5F00AAB29D /* RedmineClientTests.m in Sources */,
			);
			runOnlyForDeploymentPostprocessing = 0;
		};
/* End PBXSourcesBuildPhase section */

/* Begin PBXTargetDependency section */
		61C8028C1A801B5F00AAB29D /* PBXTargetDependency */ = {
			isa = PBXTargetDependency;
			target = 61C8026D1A801B5F00AAB29D /* RedmineClient */;
			targetProxy = 61C8028B1A801B5F00AAB29D /* PBXContainerItemProxy */;
		};
/* End PBXTargetDependency section */

/* Begin PBXVariantGroup section */
		61C8027E1A801B5F00AAB29D /* Main.storyboard */ = {
			isa = PBXVariantGroup;
			children = (
				61C8027F1A801B5F00AAB29D /* Base */,
			);
			name = Main.storyboard;
			sourceTree = "<group>";
		};
		61C802831A801B5F00AAB29D /* LaunchScreen.xib */ = {
			isa = PBXVariantGroup;
			children = (
				61C802841A801B5F00AAB29D /* Base */,
			);
			name = LaunchScreen.xib;
			sourceTree = "<group>";
		};
/* End PBXVariantGroup section */

/* Begin XCBuildConfiguration section */
		61C802921A801B5F00AAB29D /* Debug */ = {
			isa = XCBuildConfiguration;
			buildSettings = {
				ALWAYS_SEARCH_USER_PATHS = NO;
				CLANG_CXX_LANGUAGE_STANDARD = "gnu++0x";
				CLANG_CXX_LIBRARY = "libc++";
				CLANG_ENABLE_MODULES = YES;
				CLANG_ENABLE_OBJC_ARC = YES;
				CLANG_WARN_BOOL_CONVERSION = YES;
				CLANG_WARN_CONSTANT_CONVERSION = YES;
				CLANG_WARN_DIRECT_OBJC_ISA_USAGE = YES_ERROR;
				CLANG_WARN_EMPTY_BODY = YES;
				CLANG_WARN_ENUM_CONVERSION = YES;
				CLANG_WARN_INT_CONVERSION = YES;
				CLANG_WARN_OBJC_ROOT_CLASS = YES_ERROR;
				CLANG_WARN_UNREACHABLE_CODE = YES;
				CLANG_WARN__DUPLICATE_METHOD_MATCH = YES;
				CODE_SIGN_IDENTITY = "iPhone Developer";
				"CODE_SIGN_IDENTITY[sdk=iphoneos*]" = "iPhone Developer";
				COPY_PHASE_STRIP = NO;
				ENABLE_STRICT_OBJC_MSGSEND = YES;
				GCC_C_LANGUAGE_STANDARD = gnu99;
				GCC_DYNAMIC_NO_PIC = NO;
				GCC_OPTIMIZATION_LEVEL = 0;
				GCC_PREPROCESSOR_DEFINITIONS = (
					"DEBUG=1",
					"$(inherited)",
				);
				GCC_SYMBOLS_PRIVATE_EXTERN = NO;
				GCC_WARN_64_TO_32_BIT_CONVERSION = YES;
				GCC_WARN_ABOUT_RETURN_TYPE = YES_ERROR;
				GCC_WARN_UNDECLARED_SELECTOR = YES;
				GCC_WARN_UNINITIALIZED_AUTOS = YES_AGGRESSIVE;
				GCC_WARN_UNUSED_FUNCTION = YES;
				GCC_WARN_UNUSED_VARIABLE = YES;
				IPHONEOS_DEPLOYMENT_TARGET = 7.0;
				MTL_ENABLE_DEBUG_INFO = YES;
				ONLY_ACTIVE_ARCH = YES;
				SDKROOT = iphoneos;
				TARGETED_DEVICE_FAMILY = "1,2";
			};
			name = Debug;
		};
		61C802931A801B5F00AAB29D /* Release */ = {
			isa = XCBuildConfiguration;
			buildSettings = {
				ALWAYS_SEARCH_USER_PATHS = NO;
				CLANG_CXX_LANGUAGE_STANDARD = "gnu++0x";
				CLANG_CXX_LIBRARY = "libc++";
				CLANG_ENABLE_MODULES = YES;
				CLANG_ENABLE_OBJC_ARC = YES;
				CLANG_WARN_BOOL_CONVERSION = YES;
				CLANG_WARN_CONSTANT_CONVERSION = YES;
				CLANG_WARN_DIRECT_OBJC_ISA_USAGE = YES_ERROR;
				CLANG_WARN_EMPTY_BODY = YES;
				CLANG_WARN_ENUM_CONVERSION = YES;
				CLANG_WARN_INT_CONVERSION = YES;
				CLANG_WARN_OBJC_ROOT_CLASS = YES_ERROR;
				CLANG_WARN_UNREACHABLE_CODE = YES;
				CLANG_WARN__DUPLICATE_METHOD_MATCH = YES;
				CODE_SIGN_IDENTITY = "iPhone Developer";
				"CODE_SIGN_IDENTITY[sdk=iphoneos*]" = "iPhone Developer";
				COPY_PHASE_STRIP = YES;
				ENABLE_NS_ASSERTIONS = NO;
				ENABLE_STRICT_OBJC_MSGSEND = YES;
				GCC_C_LANGUAGE_STANDARD = gnu99;
				GCC_WARN_64_TO_32_BIT_CONVERSION = YES;
				GCC_WARN_ABOUT_RETURN_TYPE = YES_ERROR;
				GCC_WARN_UNDECLARED_SELECTOR = YES;
				GCC_WARN_UNINITIALIZED_AUTOS = YES_AGGRESSIVE;
				GCC_WARN_UNUSED_FUNCTION = YES;
				GCC_WARN_UNUSED_VARIABLE = YES;
				IPHONEOS_DEPLOYMENT_TARGET = 7.0;
				MTL_ENABLE_DEBUG_INFO = NO;
				SDKROOT = iphoneos;
				TARGETED_DEVICE_FAMILY = "1,2";
				VALIDATE_PRODUCT = YES;
			};
			name = Release;
		};
		61C802951A801B5F00AAB29D /* Debug */ = {
			isa = XCBuildConfiguration;
			baseConfigurationReference = 8B755BC75D43BE5C3E060E06 /* Pods.debug.xcconfig */;
			buildSettings = {
				ASSETCATALOG_COMPILER_APPICON_NAME = AppIcon;
				ASSETCATALOG_COMPILER_LAUNCHIMAGE_NAME = LaunchImage;
				CODE_SIGN_IDENTITY = "iPhone Developer";
				"CODE_SIGN_IDENTITY[sdk=iphoneos*]" = "iPhone Developer";
				INFOPLIST_FILE = RedmineClient/Info.plist;
				IPHONEOS_DEPLOYMENT_TARGET = 7.0;
				LD_RUNPATH_SEARCH_PATHS = "$(inherited) @executable_path/Frameworks";
				ONLY_ACTIVE_ARCH = YES;
				PRODUCT_NAME = "$(TARGET_NAME)";
				PROVISIONING_PROFILE = "";
			};
			name = Debug;
		};
		61C802961A801B5F00AAB29D /* Release */ = {
			isa = XCBuildConfiguration;
			baseConfigurationReference = 946748745295FD55F0588F68 /* Pods.release.xcconfig */;
			buildSettings = {
				ASSETCATALOG_COMPILER_APPICON_NAME = AppIcon;
				ASSETCATALOG_COMPILER_LAUNCHIMAGE_NAME = LaunchImage;
				CODE_SIGN_IDENTITY = "iPhone Developer";
				"CODE_SIGN_IDENTITY[sdk=iphoneos*]" = "iPhone Developer";
				INFOPLIST_FILE = RedmineClient/Info.plist;
				IPHONEOS_DEPLOYMENT_TARGET = 7.0;
				LD_RUNPATH_SEARCH_PATHS = "$(inherited) @executable_path/Frameworks";
				PRODUCT_NAME = "$(TARGET_NAME)";
				PROVISIONING_PROFILE = "";
			};
			name = Release;
		};
		61C802981A801B5F00AAB29D /* Debug */ = {
			isa = XCBuildConfiguration;
			buildSettings = {
				BUNDLE_LOADER = "$(TEST_HOST)";
				FRAMEWORK_SEARCH_PATHS = (
					"$(SDKROOT)/Developer/Library/Frameworks",
					"$(inherited)",
				);
				GCC_PREPROCESSOR_DEFINITIONS = (
					"DEBUG=1",
					"$(inherited)",
				);
				INFOPLIST_FILE = RedmineClientTests/Info.plist;
				LD_RUNPATH_SEARCH_PATHS = "$(inherited) @executable_path/Frameworks @loader_path/Frameworks";
				PRODUCT_NAME = "$(TARGET_NAME)";
				TEST_HOST = "$(BUILT_PRODUCTS_DIR)/RedmineClient.app/RedmineClient";
			};
			name = Debug;
		};
		61C802991A801B5F00AAB29D /* Release */ = {
			isa = XCBuildConfiguration;
			buildSettings = {
				BUNDLE_LOADER = "$(TEST_HOST)";
				FRAMEWORK_SEARCH_PATHS = (
					"$(SDKROOT)/Developer/Library/Frameworks",
					"$(inherited)",
				);
				INFOPLIST_FILE = RedmineClientTests/Info.plist;
				LD_RUNPATH_SEARCH_PATHS = "$(inherited) @executable_path/Frameworks @loader_path/Frameworks";
				PRODUCT_NAME = "$(TARGET_NAME)";
				TEST_HOST = "$(BUILT_PRODUCTS_DIR)/RedmineClient.app/RedmineClient";
			};
			name = Release;
		};
/* End XCBuildConfiguration section */

/* Begin XCConfigurationList section */
		61C802691A801B5F00AAB29D /* Build configuration list for PBXProject "RedmineClient" */ = {
			isa = XCConfigurationList;
			buildConfigurations = (
				61C802921A801B5F00AAB29D /* Debug */,
				61C802931A801B5F00AAB29D /* Release */,
			);
			defaultConfigurationIsVisible = 0;
			defaultConfigurationName = Release;
		};
		61C802941A801B5F00AAB29D /* Build configuration list for PBXNativeTarget "RedmineClient" */ = {
			isa = XCConfigurationList;
			buildConfigurations = (
				61C802951A801B5F00AAB29D /* Debug */,
				61C802961A801B5F00AAB29D /* Release */,
			);
			defaultConfigurationIsVisible = 0;
			defaultConfigurationName = Release;
		};
		61C802971A801B5F00AAB29D /* Build configuration list for PBXNativeTarget "RedmineClientTests" */ = {
			isa = XCConfigurationList;
			buildConfigurations = (
				61C802981A801B5F00AAB29D /* Debug */,
				61C802991A801B5F00AAB29D /* Release */,
			);
			defaultConfigurationIsVisible = 0;
			defaultConfigurationName = Release;
		};
/* End XCConfigurationList section */

/* Begin XCVersionGroup section */
		61C802781A801B5F00AAB29D /* RedmineClient.xcdatamodeld */ = {
			isa = XCVersionGroup;
			children = (
				61C802791A801B5F00AAB29D /* RedmineClient.xcdatamodel */,
			);
			currentVersion = 61C802791A801B5F00AAB29D /* RedmineClient.xcdatamodel */;
			path = RedmineClient.xcdatamodeld;
			sourceTree = "<group>";
			versionGroupType = wrapper.xcdatamodel;
		};
/* End XCVersionGroup section */
	};
	rootObject = 61C802661A801B5F00AAB29D /* Project object */;
}
